
Microsoft Visual Studio Solution File, Format Version 12.00
# Visual Studio 15
VisualStudioVersion = 15.0.28307.421
MinimumVisualStudioVersion = 10.0.40219.1
Project("{FAE04EC0-301F-11D3-BF4B-00C04F79EFBC}") = "CustomTextBox_sandbox", "CustomTextBox_sandbox.csproj", "{77AAE696-7711-4402-81FA-3772652FBFC3}"
EndProject
Global
	GlobalSection(SolutionConfigurationPlatforms) = preSolution
		Debug|Any CPU = Debug|Any CPU
		Release|Any CPU = Release|Any CPU
	EndGlobalSection
	GlobalSection(ProjectConfigurationPlatforms) = postSolution
		{77AAE696-7711-4402-81FA-3772652FBFC3}.Debug|Any CPU.ActiveCfg = Debug|Any CPU
		{77AAE696-7711-4402-81FA-3772652FBFC3}.Debug|Any CPU.Build.0 = Debug|Any CPU
		{77AAE696-7711-4402-81FA-3772652FBFC3}.Release|Any CPU.ActiveCfg = Release|Any CPU
		{77AAE696-7711-4402-81FA-3772652FBFC3}.Release|Any CPU.Build.0 = Release|Any CPU
	EndGlobalSection
	GlobalSection(SolutionProperties) = preSolution
		HideSolutionNode = FALSE
	EndGlobalSection
	GlobalSection(ExtensibilityGlobals) = postSolution
		SolutionGuid = {C55BAAC5-2BD0-4739-BC95-C3CC7C6C7B33}
	EndGlobalSection
EndGlobal
